
Microsoft Visual Studio Solution File, Format Version 12.00
# Visual Studio Version 17
VisualStudioVersion = 17.10.35027.167
MinimumVisualStudioVersion = 10.0.40219.1
Project("{FAE04EC0-301F-11D3-BF4B-00C04F79EFBC}") = "Locacoes", "Apoio\Locacoes.csproj", "{7CFFD624-6107-4CD3-A003-7E4D7BF283B7}"
EndProject
Global
	GlobalSection(SolutionConfigurationPlatforms) = preSolution
		Debug|Any CPU = Debug|Any CPU
		Release|Any CPU = Release|Any CPU
	EndGlobalSection
	GlobalSection(ProjectConfigurationPlatforms) = postSolution
		{7CFFD624-6107-4CD3-A003-7E4D7BF283B7}.Debug|Any CPU.ActiveCfg = Debug|Any CPU
		{7CFFD624-6107-4CD3-A003-7E4D7BF283B7}.Debug|Any CPU.Build.0 = Debug|Any CPU
		{7CFFD624-6107-4CD3-A003-7E4D7BF283B7}.Release|Any CPU.ActiveCfg = Release|Any CPU
		{7CFFD624-6107-4CD3-A003-7E4D7BF283B7}.Release|Any CPU.Build.0 = Release|Any CPU
	EndGlobalSection
	GlobalSection(SolutionProperties) = preSolution
		HideSolutionNode = FALSE
	EndGlobalSection
	GlobalSection(ExtensibilityGlobals) = postSolution
		SolutionGuid = {9C45E2E7-74BC-43C4-ABA1-4870E71F2BDD}
	EndGlobalSection
EndGlobal
